
Microsoft Visual Studio Solution File, Format Version 12.00
# Visual Studio Version 17
VisualStudioVersion = 17.11.35312.102
MinimumVisualStudioVersion = 10.0.40219.1
Project("{9A19103F-16F7-4668-BE54-9A1E7A4F7556}") = "WebApiLibrary", "WebApiLibrary.csproj", "{9FD162E6-875C-4067-B643-FDEAFBD85DCB}"
EndProject
Global
	GlobalSection(SolutionConfigurationPlatforms) = preSolution
		Debug|Any CPU = Debug|Any CPU
		Release|Any CPU = Release|Any CPU
	EndGlobalSection
	GlobalSection(ProjectConfigurationPlatforms) = postSolution
		{9FD162E6-875C-4067-B643-FDEAFBD85DCB}.Debug|Any CPU.ActiveCfg = Debug|Any CPU
		{9FD162E6-875C-4067-B643-FDEAFBD85DCB}.Debug|Any CPU.Build.0 = Debug|Any CPU
		{9FD162E6-875C-4067-B643-FDEAFBD85DCB}.Release|Any CPU.ActiveCfg = Release|Any CPU
		{9FD162E6-875C-4067-B643-FDEAFBD85DCB}.Release|Any CPU.Build.0 = Release|Any CPU
	EndGlobalSection
	GlobalSection(SolutionProperties) = preSolution
		HideSolutionNode = FALSE
	EndGlobalSection
	GlobalSection(ExtensibilityGlobals) = postSolution
		SolutionGuid = {823685CA-51F0-4216-9493-776AF277C18F}
	EndGlobalSection
EndGlobal
